
Microsoft Visual Studio Solution File, Format Version 12.00
# Visual Studio 2012
Project("{FAE04EC0-301F-11D3-BF4B-00C04F79EFBC}") = "EPiServerCommerce75", "EPiServerCommerce75\EPiServerCommerce75.csproj", "{5129A6BB-640E-408D-9265-4BA4C7D889CC}"
EndProject
Global
	GlobalSection(SolutionConfigurationPlatforms) = preSolution
		Debug|Any CPU = Debug|Any CPU
		Release|Any CPU = Release|Any CPU
	EndGlobalSection
	GlobalSection(ProjectConfigurationPlatforms) = postSolution
		{5129A6BB-640E-408D-9265-4BA4C7D889CC}.Debug|Any CPU.ActiveCfg = Debug|Any CPU
		{5129A6BB-640E-408D-9265-4BA4C7D889CC}.Debug|Any CPU.Build.0 = Debug|Any CPU
		{5129A6BB-640E-408D-9265-4BA4C7D889CC}.Release|Any CPU.ActiveCfg = Release|Any CPU
		{5129A6BB-640E-408D-9265-4BA4C7D889CC}.Release|Any CPU.Build.0 = Release|Any CPU
	EndGlobalSection
	GlobalSection(SolutionProperties) = preSolution
		HideSolutionNode = FALSE
	EndGlobalSection
EndGlobal
